PODS:
  - Flutter (1.0.0)
  - verisoul_sdk (0.0.1):
    - Flutter
    - VerisoulSDK (= 0.4.70)
  - VerisoulSDK (0.4.70)

DEPENDENCIES:
  - Flutter (from `Flutter`)
  - verisoul_sdk (from `.symlinks/plugins/verisoul_sdk/ios`)

SPEC REPOS:
  trunk:
    - VerisoulSDK

EXTERNAL SOURCES:
  Flutter:
    :path: Flutter
  verisoul_sdk:
    :path: ".symlinks/plugins/verisoul_sdk/ios"

SPEC CHECKSUMS:
  Flutter: e0871f40cf51350855a761d2e70bf5af5b9b5de7
  verisoul_sdk: 0e55ed7bbe8d6eb26258917c65ebba61a6baa15e
  VerisoulSDK: 792949d8db9f2257c81c416e427e5eacb58a10a5

PODFILE CHECKSUM: 1959d098c91d8a792531a723c4a9d7e9f6a01e38

COCOAPODS: 1.16.2
