PODS:
  - Flutter (1.0.0)
  - verisoul_sdk (0.0.1):
    - Flutter
    - VerisoulSDK (= 0.4.65)
  - VerisoulSDK (0.4.65)

DEPENDENCIES:
  - Flutter (from `Flutter`)
  - verisoul_sdk (from `.symlinks/plugins/verisoul_sdk/ios`)

SPEC REPOS:
  trunk:
    - VerisoulSDK

EXTERNAL SOURCES:
  Flutter:
    :path: Flutter
  verisoul_sdk:
    :path: ".symlinks/plugins/verisoul_sdk/ios"

SPEC CHECKSUMS:
  Flutter: e0871f40cf51350855a761d2e70bf5af5b9b5de7
  verisoul_sdk: e4bc0c3b5c534ddae349df62160c09cf9970fe68
  VerisoulSDK: cb64c8e609dd32c2ce29d36881a8d60569cc59ac

PODFILE CHECKSUM: 1959d098c91d8a792531a723c4a9d7e9f6a01e38

COCOAPODS: 1.16.2
