PODS:
  - Flutter (1.0.0)
  - verisoul_sdk (0.0.1):
    - Flutter
    - VerisoulSDK (= 0.3.0)
  - VerisoulSDK (0.3.0)

DEPENDENCIES:
  - Flutter (from `Flutter`)
  - verisoul_sdk (from `.symlinks/plugins/verisoul_sdk/ios`)

SPEC REPOS:
  trunk:
    - VerisoulSDK

EXTERNAL SOURCES:
  Flutter:
    :path: Flutter
  verisoul_sdk:
    :path: ".symlinks/plugins/verisoul_sdk/ios"

SPEC CHECKSUMS:
  Flutter: e0871f40cf51350855a761d2e70bf5af5b9b5de7
  verisoul_sdk: e59868e15733c0a7559c2329493ca94402cd8347
  VerisoulSDK: fbeab6fe8914c3ccb9e927a4ee7dd3a7c07711fb

PODFILE CHECKSUM: 1959d098c91d8a792531a723c4a9d7e9f6a01e38

COCOAPODS: 1.16.2
